
Microsoft Visual Studio Solution File, Format Version 12.00
# Visual Studio Version 17
VisualStudioVersion = 17.10.35013.160
MinimumVisualStudioVersion = 10.0.40219.1
Project("{FAE04EC0-301F-11D3-BF4B-00C04F79EFBC}") = "clases y interfases willian steban", "clases y interfases willian steban\clases y interfases willian steban.csproj", "{F40CA7D6-0D7A-405B-8B7F-42E63B2E319C}"
EndProject
Global
	GlobalSection(SolutionConfigurationPlatforms) = preSolution
		Debug|Any CPU = Debug|Any CPU
		Release|Any CPU = Release|Any CPU
	EndGlobalSection
	GlobalSection(ProjectConfigurationPlatforms) = postSolution
		{F40CA7D6-0D7A-405B-8B7F-42E63B2E319C}.Debug|Any CPU.ActiveCfg = Debug|Any CPU
		{F40CA7D6-0D7A-405B-8B7F-42E63B2E319C}.Debug|Any CPU.Build.0 = Debug|Any CPU
		{F40CA7D6-0D7A-405B-8B7F-42E63B2E319C}.Release|Any CPU.ActiveCfg = Release|Any CPU
		{F40CA7D6-0D7A-405B-8B7F-42E63B2E319C}.Release|Any CPU.Build.0 = Release|Any CPU
	EndGlobalSection
	GlobalSection(SolutionProperties) = preSolution
		HideSolutionNode = FALSE
	EndGlobalSection
	GlobalSection(ExtensibilityGlobals) = postSolution
		SolutionGuid = {C237C31D-2CDD-487B-AE9D-0D27A2A9C423}
	EndGlobalSection
EndGlobal
