
Microsoft Visual Studio Solution File, Format Version 12.00
# Visual Studio Version 17
VisualStudioVersion = 17.10.35013.160
MinimumVisualStudioVersion = 10.0.40219.1
Project("{FAE04EC0-301F-11D3-BF4B-00C04F79EFBC}") = "get and set willian steabn gonzalez", "get and set willian steabn gonzalez\get and set willian steabn gonzalez.csproj", "{BAD05D24-C74F-4E17-9FBF-4E14DACD3CBC}"
EndProject
Global
	GlobalSection(SolutionConfigurationPlatforms) = preSolution
		Debug|Any CPU = Debug|Any CPU
		Release|Any CPU = Release|Any CPU
	EndGlobalSection
	GlobalSection(ProjectConfigurationPlatforms) = postSolution
		{BAD05D24-C74F-4E17-9FBF-4E14DACD3CBC}.Debug|Any CPU.ActiveCfg = Debug|Any CPU
		{BAD05D24-C74F-4E17-9FBF-4E14DACD3CBC}.Debug|Any CPU.Build.0 = Debug|Any CPU
		{BAD05D24-C74F-4E17-9FBF-4E14DACD3CBC}.Release|Any CPU.ActiveCfg = Release|Any CPU
		{BAD05D24-C74F-4E17-9FBF-4E14DACD3CBC}.Release|Any CPU.Build.0 = Release|Any CPU
	EndGlobalSection
	GlobalSection(SolutionProperties) = preSolution
		HideSolutionNode = FALSE
	EndGlobalSection
	GlobalSection(ExtensibilityGlobals) = postSolution
		SolutionGuid = {F1D3215A-C389-455F-95CB-D31339A0B987}
	EndGlobalSection
EndGlobal
