
Microsoft Visual Studio Solution File, Format Version 12.00
# Visual Studio Version 17
VisualStudioVersion = 17.10.35013.160
MinimumVisualStudioVersion = 10.0.40219.1
Project("{FAE04EC0-301F-11D3-BF4B-00C04F79EFBC}") = "Async y await de willian steban", "Async y await de willian steban\Async y await de willian steban.csproj", "{428BDF89-263F-4E07-A34F-C09FA3956FF9}"
EndProject
Global
	GlobalSection(SolutionConfigurationPlatforms) = preSolution
		Debug|Any CPU = Debug|Any CPU
		Release|Any CPU = Release|Any CPU
	EndGlobalSection
	GlobalSection(ProjectConfigurationPlatforms) = postSolution
		{428BDF89-263F-4E07-A34F-C09FA3956FF9}.Debug|Any CPU.ActiveCfg = Debug|Any CPU
		{428BDF89-263F-4E07-A34F-C09FA3956FF9}.Debug|Any CPU.Build.0 = Debug|Any CPU
		{428BDF89-263F-4E07-A34F-C09FA3956FF9}.Release|Any CPU.ActiveCfg = Release|Any CPU
		{428BDF89-263F-4E07-A34F-C09FA3956FF9}.Release|Any CPU.Build.0 = Release|Any CPU
	EndGlobalSection
	GlobalSection(SolutionProperties) = preSolution
		HideSolutionNode = FALSE
	EndGlobalSection
	GlobalSection(ExtensibilityGlobals) = postSolution
		SolutionGuid = {7194CFDC-F3EF-466D-8534-C12240B5E25C}
	EndGlobalSection
EndGlobal
